
Microsoft Visual Studio Solution File, Format Version 12.00
# Visual Studio Version 17
VisualStudioVersion = 17.7.34221.43
MinimumVisualStudioVersion = 10.0.40219.1
Project("{FAE04EC0-301F-11D3-BF4B-00C04F79EFBC}") = "Project 6", "Project 6\Project 6.csproj", "{113B1FA9-6D01-4D2B-BFEF-B3D5CFB32112}"
EndProject
Global
	GlobalSection(SolutionConfigurationPlatforms) = preSolution
		Debug|Any CPU = Debug|Any CPU
		Release|Any CPU = Release|Any CPU
	EndGlobalSection
	GlobalSection(ProjectConfigurationPlatforms) = postSolution
		{113B1FA9-6D01-4D2B-BFEF-B3D5CFB32112}.Debug|Any CPU.ActiveCfg = Debug|Any CPU
		{113B1FA9-6D01-4D2B-BFEF-B3D5CFB32112}.Debug|Any CPU.Build.0 = Debug|Any CPU
		{113B1FA9-6D01-4D2B-BFEF-B3D5CFB32112}.Release|Any CPU.ActiveCfg = Release|Any CPU
		{113B1FA9-6D01-4D2B-BFEF-B3D5CFB32112}.Release|Any CPU.Build.0 = Release|Any CPU
	EndGlobalSection
	GlobalSection(SolutionProperties) = preSolution
		HideSolutionNode = FALSE
	EndGlobalSection
	GlobalSection(ExtensibilityGlobals) = postSolution
		SolutionGuid = {DDD655B0-F5B3-49CB-81A6-7750B2961714}
	EndGlobalSection
EndGlobal
